{
  "version": 4,
  "terraform_version": "1.0.8",
  "serial": 257,
  "lineage": "6e846a89-54fb-7170-6845-7110c49eb98e",
  "outputs": {},
  "resources": [
    {
      "mode": "data",
      "type": "template_file",
      "name": "network_config",
      "provider": "provider[\"registry.terraform.io/hashicorp/template\"]",
      "instances": [
        {
          "schema_version": 0,
          "attributes": {
            "filename": null,
            "id": "2f44093ecd78512a1ae5dcee5dc53c2416b0d2957f3bb8b139514ed8ec422051",
            "rendered": "version: 2\nethernets:\n  eth0:\n    #addresses:\n    #  - 160.94.179.174/24\n    #gateway4: 160.94.179.190\n    dhcp4: true\n",
            "template": "version: 2\nethernets:\n  eth0:\n    #addresses:\n    #  - 160.94.179.174/24\n    #gateway4: 160.94.179.190\n    dhcp4: true\n",
            "vars": null
          },
          "sensitive_attributes": []
        }
      ]
    },
    {
      "mode": "data",
      "type": "template_file",
      "name": "user_data",
      "provider": "provider[\"registry.terraform.io/hashicorp/template\"]",
      "instances": [
        {
          "schema_version": 0,
          "attributes": {
            "filename": null,
            "id": "380ec0155d94d4a3f8b53c6ac07bc9db525572afac1ddfe1bc9d986340dc84d9",
            "rendered": "#cloud-config\nssh_pwauth: false\ncloud_final_modules:\n- [scripts-user, always]\ngrowpart:\n  mode: auto\n  devices: ['/']\nusers:\n  - default\n  - name: alexa818\n    plain_text_passwd: bepis\n    lock_passwd: false\n    sudo: ALL=(ALL) NOPASSWD:ALL\n    ssh_authorized_keys:\n      - ssh-ed25519 AAAAC3NzaC1lZDI1NTE5AAAAIP/BdI5//BfzHP5QKVToKMliWnIOBJ4jEe5AkmRpsSWI\n      - ssh-rsa AAAAB3NzaC1yc2EAAAADAQABAAABAQC9eCenajaTGYpSULX1K74fmFGxKJUhTgedlTsjR2BheDnXYCR4wDHJ8FiQezYfjYj/EtliF4laO4xwFk1tJQFOzVKlsXNLRTxgQfCNL0tUc+jBCvCPmD3IndD2AEPbCik/EMKVR0rr8Lqrl2o3wvGs4TIlrO5artT1IKiJZa/Wl5KJS3clfTSsI+LqPtHQuDn+f8FD4v+O57i9LyCEBbhAwO4hefF/jqysvGonySypxKnNN+vVOlWws7LV2AsjJlAcOKh1Ank+TqKrdnWtoXJqEcZKKWW1DqOdW3eA853OobwTVMvhsQqah5jDaSR82AD9mInNBiHlnGhNQJos7tfZ ianalexanderrje@penguin\n",
            "template": "#cloud-config\nssh_pwauth: false\ncloud_final_modules:\n- [scripts-user, always]\ngrowpart:\n  mode: auto\n  devices: ['/']\nusers:\n  - default\n  - name: alexa818\n    plain_text_passwd: bepis\n    lock_passwd: false\n    sudo: ALL=(ALL) NOPASSWD:ALL\n    ssh_authorized_keys:\n      - ssh-ed25519 AAAAC3NzaC1lZDI1NTE5AAAAIP/BdI5//BfzHP5QKVToKMliWnIOBJ4jEe5AkmRpsSWI\n      - ssh-rsa AAAAB3NzaC1yc2EAAAADAQABAAABAQC9eCenajaTGYpSULX1K74fmFGxKJUhTgedlTsjR2BheDnXYCR4wDHJ8FiQezYfjYj/EtliF4laO4xwFk1tJQFOzVKlsXNLRTxgQfCNL0tUc+jBCvCPmD3IndD2AEPbCik/EMKVR0rr8Lqrl2o3wvGs4TIlrO5artT1IKiJZa/Wl5KJS3clfTSsI+LqPtHQuDn+f8FD4v+O57i9LyCEBbhAwO4hefF/jqysvGonySypxKnNN+vVOlWws7LV2AsjJlAcOKh1Ank+TqKrdnWtoXJqEcZKKWW1DqOdW3eA853OobwTVMvhsQqah5jDaSR82AD9mInNBiHlnGhNQJos7tfZ ianalexanderrje@penguin\n",
            "vars": null
          },
          "sensitive_attributes": []
        }
      ]
    },
    {
      "mode": "managed",
      "type": "libvirt_cloudinit_disk",
      "name": "commoninit",
      "provider": "provider[\"registry.terraform.io/nixpkgs/libvirt\"]",
      "instances": [
        {
          "schema_version": 0,
          "attributes": {
            "id": "/tmp/terraform-provider-libvirt-pool-images/commoninit.iso;418200bd-362d-4548-8fd6-ba00d0256fdb",
            "meta_data": "",
            "name": "commoninit.iso",
            "network_config": "",
            "pool": "os_images",
            "user_data": "#cloud-config\nssh_pwauth: false\ncloud_final_modules:\n- [scripts-user, always]\ngrowpart:\n  mode: auto\n  devices: ['/']\nusers:\n  - default\n  - name: alexa818\n    plain_text_passwd: bepis\n    lock_passwd: false\n    sudo: ALL=(ALL) NOPASSWD:ALL\n    ssh_authorized_keys:\n      - ssh-ed25519 AAAAC3NzaC1lZDI1NTE5AAAAIP/BdI5//BfzHP5QKVToKMliWnIOBJ4jEe5AkmRpsSWI\n      - ssh-rsa AAAAB3NzaC1yc2EAAAADAQABAAABAQC9eCenajaTGYpSULX1K74fmFGxKJUhTgedlTsjR2BheDnXYCR4wDHJ8FiQezYfjYj/EtliF4laO4xwFk1tJQFOzVKlsXNLRTxgQfCNL0tUc+jBCvCPmD3IndD2AEPbCik/EMKVR0rr8Lqrl2o3wvGs4TIlrO5artT1IKiJZa/Wl5KJS3clfTSsI+LqPtHQuDn+f8FD4v+O57i9LyCEBbhAwO4hefF/jqysvGonySypxKnNN+vVOlWws7LV2AsjJlAcOKh1Ank+TqKrdnWtoXJqEcZKKWW1DqOdW3eA853OobwTVMvhsQqah5jDaSR82AD9mInNBiHlnGhNQJos7tfZ ianalexanderrje@penguin\n"
          },
          "sensitive_attributes": [],
          "private": "bnVsbA==",
          "dependencies": [
            "data.template_file.user_data",
            "libvirt_pool.os_images"
          ]
        }
      ]
    },
    {
      "mode": "managed",
      "type": "libvirt_domain",
      "name": "member_vm",
      "provider": "provider[\"registry.terraform.io/nixpkgs/libvirt\"]",
      "instances": [
        {
          "index_key": "alexa818",
          "schema_version": 0,
          "attributes": {
            "arch": "x86_64",
            "autostart": null,
            "boot_device": [],
            "cloudinit": "/tmp/terraform-provider-libvirt-pool-images/commoninit.iso;418200bd-362d-4548-8fd6-ba00d0256fdb",
            "cmdline": null,
            "console": [
              {
                "source_host": "127.0.0.1",
                "source_path": "",
                "source_service": "0",
                "target_port": "0",
                "target_type": "serial",
                "type": "pty"
              },
              {
                "source_host": "127.0.0.1",
                "source_path": "",
                "source_service": "0",
                "target_port": "1",
                "target_type": "virtio",
                "type": "pty"
              }
            ],
            "coreos_ignition": null,
            "cpu": [],
            "description": "",
            "disk": [
              {
                "block_device": "",
                "file": "",
                "scsi": false,
                "url": "",
                "volume_id": "wZ0eK0-8gI1-zu8M-SVTn-RpCS-si7h-HjKuAq",
                "wwn": ""
              }
            ],
            "emulator": "/run/libvirt/nix-emulators/qemu-system-x86_64",
            "filesystem": [],
            "firmware": "",
            "fw_cfg_name": "opt/com.coreos/config",
            "graphics": [],
            "id": "d0d1de68-b288-43cc-bcb0-5bba3f05b757",
            "initrd": "",
            "kernel": "",
            "machine": "pc",
            "memory": 2048,
            "metadata": null,
            "name": "alexa818",
            "network_interface": [
              {
                "addresses": [
                  "160.94.179.174"
                ],
                "bridge": "",
                "hostname": "alexa818",
                "mac": "7A:32:AF:F3:8C:C2",
                "macvtap": "",
                "network_id": "a90bfe67-7c32-4b06-81b1-16d2fbd5adad",
                "network_name": "vm_bridge",
                "passthrough": "",
                "vepa": "",
                "wait_for_lease": true
              }
            ],
            "nvram": [],
            "qemu_agent": false,
            "running": true,
            "timeouts": null,
            "tpm": [],
            "vcpu": 2,
            "video": [],
            "xml": []
          },
          "sensitive_attributes": [],
          "private": "eyJlMmJmYjczMC1lY2FhLTExZTYtOGY4OC0zNDM2M2JjN2M0YzAiOnsiY3JlYXRlIjozMDAwMDAwMDAwMDB9fQ==",
          "dependencies": [
            "libvirt_cloudinit_disk.commoninit",
            "libvirt_network_v2.vm_bridge",
            "libvirt_volume.member_disk"
          ]
        }
      ]
    },
    {
      "mode": "managed",
      "type": "libvirt_network_v2",
      "name": "vm_bridge",
      "provider": "provider[\"registry.terraform.io/nixpkgs/libvirt\"]",
      "instances": [
        {
          "schema_version": 0,
          "attributes": {
            "autostart": false,
            "bridge": [],
            "dns": [],
            "dnsmasq_options": [],
            "domain": [],
            "forward": [
              {
                "mode": "route"
              }
            ],
            "id": "a90bfe67-7c32-4b06-81b1-16d2fbd5adad",
            "ip": [
              {
                "address": "160.94.179.162",
                "dhcp": [
                  {
                    "host": [
                      {
                        "id": "",
                        "ip": "160.94.179.174",
                        "mac": "7A:32:AF:F3:8C:C2",
                        "name": ""
                      }
                    ],
                    "range": []
                  }
                ],
                "family": "ipv4",
                "netmask": "",
                "prefix": 0
              }
            ],
            "mtu": null,
            "name": "vm_bridge",
            "route": [],
            "xml": []
          },
          "sensitive_attributes": [],
          "private": "bnVsbA=="
        }
      ]
    },
    {
      "mode": "managed",
      "type": "libvirt_pool",
      "name": "os_images",
      "provider": "provider[\"registry.terraform.io/nixpkgs/libvirt\"]",
      "instances": [
        {
          "schema_version": 0,
          "attributes": {
            "allocation": 6700773376,
            "available": null,
            "capacity": 490039111680,
            "id": "dfcac14f-58f5-43dc-8c1d-4a8e9fcd5d23",
            "name": "os_images",
            "path": "/tmp/terraform-provider-libvirt-pool-images",
            "type": "dir",
            "xml": []
          },
          "sensitive_attributes": [],
          "private": "bnVsbA=="
        }
      ]
    },
    {
      "mode": "managed",
      "type": "libvirt_volume",
      "name": "debian_image",
      "provider": "provider[\"registry.terraform.io/nixpkgs/libvirt\"]",
      "instances": [
        {
          "schema_version": 0,
          "attributes": {
            "base_volume_copy": false,
            "base_volume_id": null,
            "base_volume_name": null,
            "base_volume_pool": null,
            "format": "raw",
            "id": "onws7j-f87P-FIQ7-pOKt-nejo-O3Xd-rRCvc5",
            "name": "debian_image",
            "pool": "vm_disks",
            "size": 2147483648,
            "source": "https://cloud.debian.org/images/cloud/bullseye/latest/debian-11-genericcloud-amd64.raw",
            "xml": []
          },
          "sensitive_attributes": [],
          "private": "bnVsbA=="
        }
      ]
    },
    {
      "mode": "managed",
      "type": "libvirt_volume",
      "name": "member_disk",
      "provider": "provider[\"registry.terraform.io/nixpkgs/libvirt\"]",
      "instances": [
        {
          "index_key": "alexa818",
          "schema_version": 0,
          "attributes": {
            "base_volume_copy": true,
            "base_volume_id": "onws7j-f87P-FIQ7-pOKt-nejo-O3Xd-rRCvc5",
            "base_volume_name": null,
            "base_volume_pool": "vm_disks",
            "format": null,
            "id": "wZ0eK0-8gI1-zu8M-SVTn-RpCS-si7h-HjKuAq",
            "name": "alexa818_disk",
            "pool": "vm_disks",
            "size": 26843545600,
            "source": null,
            "xml": []
          },
          "sensitive_attributes": [],
          "private": "bnVsbA==",
          "dependencies": [
            "libvirt_volume.debian_image"
          ]
        }
      ]
    }
  ]
}
